
Microsoft Visual Studio Solution File, Format Version 12.00
# Visual Studio Version 17
VisualStudioVersion = 17.5.002.0
MinimumVisualStudioVersion = 10.0.40219.1
Project("{2150E333-8FDC-42A3-9474-1A3956D46DE8}") = "PersonProject", "PersonProject", "{A0D99C5E-D97F-4ADB-8682-D92181362B43}"
EndProject
Project("{9A19103F-16F7-4668-BE54-9A1E7A4F7556}") = "PersonApp", "PersonProject\PersonApp\PersonApp.csproj", "{CD69F7A3-A09F-4EB4-A0FA-B5A2ADD3B6A8}"
EndProject
Global
	GlobalSection(SolutionConfigurationPlatforms) = preSolution
		Debug|Any CPU = Debug|Any CPU
		Release|Any CPU = Release|Any CPU
	EndGlobalSection
	GlobalSection(ProjectConfigurationPlatforms) = postSolution
		{CD69F7A3-A09F-4EB4-A0FA-B5A2ADD3B6A8}.Debug|Any CPU.ActiveCfg = Debug|Any CPU
		{CD69F7A3-A09F-4EB4-A0FA-B5A2ADD3B6A8}.Debug|Any CPU.Build.0 = Debug|Any CPU
		{CD69F7A3-A09F-4EB4-A0FA-B5A2ADD3B6A8}.Release|Any CPU.ActiveCfg = Release|Any CPU
		{CD69F7A3-A09F-4EB4-A0FA-B5A2ADD3B6A8}.Release|Any CPU.Build.0 = Release|Any CPU
	EndGlobalSection
	GlobalSection(SolutionProperties) = preSolution
		HideSolutionNode = FALSE
	EndGlobalSection
	GlobalSection(NestedProjects) = preSolution
		{CD69F7A3-A09F-4EB4-A0FA-B5A2ADD3B6A8} = {A0D99C5E-D97F-4ADB-8682-D92181362B43}
	EndGlobalSection
	GlobalSection(ExtensibilityGlobals) = postSolution
		SolutionGuid = {81F3F9F1-6FE9-4717-82CF-252DF14D50F7}
	EndGlobalSection
EndGlobal
